<?xml version="1.0" encoding="utf-8"?>
<Project ToolsVersion="4.0" xmlns="http://schemas.microsoft.com/developer/msbuild/2003">
  <ItemGroup>
    <Filter Include="Pliki źródłowe">
      <UniqueIdentifier>{4FC737F1-C7A5-4376-A066-2A32D752A2FF}</UniqueIdentifier>
      <Extensions>cpp;c;cc;cxx;c++;cppm;ixx;def;odl;idl;hpj;bat;asm;asmx</Extensions>
    </Filter>
    <Filter Include="Pliki nagłówkowe">
      <UniqueIdentifier>{93995380-89BD-4b04-88EB-625FBE52EBFB}</UniqueIdentifier>
      <Extensions>h;hh;hpp;hxx;h++;hm;inl;inc;ipp;xsd</Extensions>
    </Filter>
    <Filter Include="Pliki zasobów">
      <UniqueIdentifier>{67DA6AB6-F800-4c08-8B7A-83BB121AAD01}</UniqueIdentifier>
      <Extensions>rc;ico;cur;bmp;dlg;rc2;rct;bin;rgs;gif;jpg;jpeg;jpe;resx;tiff;tif;png;wav;mfcribbon-ms</Extensions>
    </Filter>
    <Filter Include="Pliki zasobów\audio">
      <UniqueIdentifier>{3f17d870-c498-4fa7-923e-0e3ecf477bf1}</UniqueIdentifier>
    </Filter>
    <Filter Include="Pliki zasobów\characters">
      <UniqueIdentifier>{78cce916-c9f2-484b-8f45-e0a45dc6655e}</UniqueIdentifier>
    </Filter>
    <Filter Include="Pliki zasobów\fonts">
      <UniqueIdentifier>{ba329e04-71da-419b-9d54-c83a42550ec5}</UniqueIdentifier>
    </Filter>
    <Filter Include="Pliki zasobów\panel">
      <UniqueIdentifier>{df13df90-a5ab-4411-972d-39a0905e372b}</UniqueIdentifier>
    </Filter>
    <Filter Include="Pliki zasobów\scene">
      <UniqueIdentifier>{d2beb2fd-72a9-47b7-85c5-8b14431cf55f}</UniqueIdentifier>
    </Filter>
    <Filter Include="Pliki zasobów\other">
      <UniqueIdentifier>{4ed0a0d7-f2f0-4dfa-b301-884e459b1e4b}</UniqueIdentifier>
    </Filter>
    <Filter Include="Pliki nagłówkowe\Audio">
      <UniqueIdentifier>{ee3187f5-7a77-42d9-8631-0ae24b67d942}</UniqueIdentifier>
    </Filter>
    <Filter Include="Pliki nagłówkowe\Basics">
      <UniqueIdentifier>{3fb91477-6424-4a12-b976-b2b05d833d03}</UniqueIdentifier>
    </Filter>
    <Filter Include="Pliki nagłówkowe\Entities">
      <UniqueIdentifier>{1b4b332d-53bc-4cd4-9929-6a210cd344c4}</UniqueIdentifier>
    </Filter>
    <Filter Include="Pliki nagłówkowe\Managers">
      <UniqueIdentifier>{d67a9c02-37e6-4192-b211-a15c7648a25a}</UniqueIdentifier>
    </Filter>
    <Filter Include="Pliki źródłowe\Audio">
      <UniqueIdentifier>{6efc9f85-118c-4a83-a85b-b9f73949a72f}</UniqueIdentifier>
    </Filter>
    <Filter Include="Pliki źródłowe\Basics">
      <UniqueIdentifier>{e93d3b3f-d137-4629-8bbe-9a90edd72dcd}</UniqueIdentifier>
    </Filter>
    <Filter Include="Pliki źródłowe\Entities">
      <UniqueIdentifier>{91303751-0413-4da2-b7de-553d8a5faa8b}</UniqueIdentifier>
    </Filter>
    <Filter Include="Pliki źródłowe\Managers">
      <UniqueIdentifier>{d80d5927-0f4d-406e-bd76-67d8a0ba4204}</UniqueIdentifier>
    </Filter>
  </ItemGroup>
  <ItemGroup>
    <ClCompile Include="src\basics\main.cpp">
      <Filter>Pliki źródłowe</Filter>
    </ClCompile>
    <ClCompile Include="src\audio\AudioEffect.cpp">
      <Filter>Pliki źródłowe\Audio</Filter>
    </ClCompile>
    <ClCompile Include="src\managers\AudioManager.cpp">
      <Filter>Pliki źródłowe\Audio</Filter>
    </ClCompile>
    <ClCompile Include="src\audio\AudioMusic.cpp">
      <Filter>Pliki źródłowe\Audio</Filter>
    </ClCompile>
    <ClCompile Include="src\managers\TreasureManager.cpp">
      <Filter>Pliki źródłowe\Managers</Filter>
    </ClCompile>
    <ClCompile Include="src\managers\TextManager.cpp">
      <Filter>Pliki źródłowe\Managers</Filter>
    </ClCompile>
    <ClCompile Include="src\managers\StefanManager.cpp">
      <Filter>Pliki źródłowe\Managers</Filter>
    </ClCompile>
    <ClCompile Include="src\managers\SteeringManager.cpp">
      <Filter>Pliki źródłowe\Managers</Filter>
    </ClCompile>
    <ClCompile Include="src\managers\LayerManager.cpp">
      <Filter>Pliki źródłowe\Managers</Filter>
    </ClCompile>
    <ClCompile Include="src\managers\GraphLayer.cpp">
      <Filter>Pliki źródłowe\Managers</Filter>
    </ClCompile>
    <ClCompile Include="src\entities\Treasure.cpp">
      <Filter>Pliki źródłowe\Entities</Filter>
    </ClCompile>
    <ClCompile Include="src\entities\Text.cpp">
      <Filter>Pliki źródłowe\Entities</Filter>
    </ClCompile>
    <ClCompile Include="src\entities\Stefan.cpp">
      <Filter>Pliki źródłowe\Entities</Filter>
    </ClCompile>
    <ClCompile Include="src\entities\Graph.cpp">
      <Filter>Pliki źródłowe\Entities</Filter>
    </ClCompile>
    <ClCompile Include="src\basics\Score.cpp">
      <Filter>Pliki źródłowe\Basics</Filter>
    </ClCompile>
    <ClCompile Include="src\basics\OverworldRandomizer.cpp">
      <Filter>Pliki źródłowe\Basics</Filter>
    </ClCompile>
    <ClCompile Include="src\basics\DatInterpreter.cpp">
      <Filter>Pliki źródłowe\Basics</Filter>
    </ClCompile>
    <ClCompile Include="src\basics\GameInstance.cpp">
      <Filter>Pliki źródłowe\Basics</Filter>
    </ClCompile>
  </ItemGroup>
  <ItemGroup>
    <ClInclude Include="include\external_dependencies.h">
      <Filter>Pliki nagłówkowe</Filter>
    </ClInclude>
    <ClInclude Include="include\audio\AudioEffect.h">
      <Filter>Pliki nagłówkowe\Audio</Filter>
    </ClInclude>
    <ClInclude Include="include\managers\AudioManager.h">
      <Filter>Pliki nagłówkowe\Audio</Filter>
    </ClInclude>
    <ClInclude Include="include\audio\AudioMusic.h">
      <Filter>Pliki nagłówkowe\Audio</Filter>
    </ClInclude>
    <ClInclude Include="include\entities\Graph.h">
      <Filter>Pliki nagłówkowe\Entities</Filter>
    </ClInclude>
    <ClInclude Include="include\basics\Score.h">
      <Filter>Pliki nagłówkowe\Basics</Filter>
    </ClInclude>
    <ClInclude Include="include\basics\OverworldRandomizer.h">
      <Filter>Pliki nagłówkowe\Basics</Filter>
    </ClInclude>
    <ClInclude Include="include\basics\DatInterpreter.h">
      <Filter>Pliki nagłówkowe\Basics</Filter>
    </ClInclude>
    <ClInclude Include="include\entities\Stefan.h">
      <Filter>Pliki nagłówkowe\Entities</Filter>
    </ClInclude>
    <ClInclude Include="include\managers\GraphLayer.h">
      <Filter>Pliki nagłówkowe\Managers</Filter>
    </ClInclude>
    <ClInclude Include="include\managers\LayerManager.h">
      <Filter>Pliki nagłówkowe\Managers</Filter>
    </ClInclude>
    <ClInclude Include="include\managers\SteeringManager.h">
      <Filter>Pliki nagłówkowe\Managers</Filter>
    </ClInclude>
    <ClInclude Include="include\managers\StefanManager.h">
      <Filter>Pliki nagłówkowe\Managers</Filter>
    </ClInclude>
    <ClInclude Include="include\entities\Text.h">
      <Filter>Pliki nagłówkowe\Entities</Filter>
    </ClInclude>
    <ClInclude Include="include\entities\Treasure.h">
      <Filter>Pliki nagłówkowe\Entities</Filter>
    </ClInclude>
    <ClInclude Include="include\managers\TreasureManager.h">
      <Filter>Pliki nagłówkowe\Managers</Filter>
    </ClInclude>
    <ClInclude Include="include\managers\TextManager.h">
      <Filter>Pliki nagłówkowe\Managers</Filter>
    </ClInclude>
    <ClInclude Include="include\basics\GameInstance.h">
      <Filter>Pliki nagłówkowe\Basics</Filter>
    </ClInclude>
  </ItemGroup>
  <ItemGroup>
    <None Include="packages.config" />
    <None Include="Assets\audio\32sec-of-silence.mid">
      <Filter>Pliki zasobów\audio</Filter>
    </None>
    <None Include="src\ftos.dat">
      <Filter>Pliki zasobów</Filter>
    </None>
  </ItemGroup>
  <ItemGroup>
    <Media Include="Assets\audio\dignine-none.wav">
      <Filter>Pliki zasobów\audio</Filter>
    </Media>
    <Media Include="Assets\audio\dig-none.wav">
      <Filter>Pliki zasobów\audio</Filter>
    </Media>
    <Media Include="Assets\audio\jump.wav">
      <Filter>Pliki zasobów\audio</Filter>
    </Media>
    <Media Include="Assets\audio\nosescan.wav">
      <Filter>Pliki zasobów\audio</Filter>
    </Media>
    <Media Include="Assets\audio\stefan-menu-theme.mp3">
      <Filter>Pliki zasobów\audio</Filter>
    </Media>
    <Media Include="Assets\audio\bonk.wav">
      <Filter>Pliki zasobów\audio</Filter>
    </Media>
  </ItemGroup>
  <ItemGroup>
    <Image Include="Assets\characters\confuse.png">
      <Filter>Pliki zasobów\characters</Filter>
    </Image>
    <Image Include="Assets\characters\stefan_idle.png">
      <Filter>Pliki zasobów\characters</Filter>
    </Image>
    <Image Include="Assets\characters\stefan_run.png">
      <Filter>Pliki zasobów\characters</Filter>
    </Image>
    <Image Include="Assets\other\appLogo.ico">
      <Filter>Pliki zasobów\other</Filter>
    </Image>
    <Image Include="Assets\other\appLogo.png">
      <Filter>Pliki zasobów\other</Filter>
    </Image>
    <Image Include="Assets\other\haveANiceDay.png">
      <Filter>Pliki zasobów\other</Filter>
    </Image>
    <Image Include="Assets\other\helpMe.png">
      <Filter>Pliki zasobów\other</Filter>
    </Image>
    <Image Include="Assets\panel\baklazan.png">
      <Filter>Pliki zasobów\panel</Filter>
    </Image>
    <Image Include="Assets\panel\bamboo.png">
      <Filter>Pliki zasobów\panel</Filter>
    </Image>
    <Image Include="Assets\panel\banan.png">
      <Filter>Pliki zasobów\panel</Filter>
    </Image>
    <Image Include="Assets\panel\chaber.png">
      <Filter>Pliki zasobów\panel</Filter>
    </Image>
    <Image Include="Assets\panel\chmiel.png">
      <Filter>Pliki zasobów\panel</Filter>
    </Image>
    <Image Include="Assets\panel\dzikaroza.png">
      <Filter>Pliki zasobów\panel</Filter>
    </Image>
    <Image Include="Assets\panel\found.png">
      <Filter>Pliki zasobów\panel</Filter>
    </Image>
    <Image Include="Assets\panel\frameCone.png">
      <Filter>Pliki zasobów\panel</Filter>
    </Image>
    <Image Include="Assets\panel\frameH.png">
      <Filter>Pliki zasobów\panel</Filter>
    </Image>
    <Image Include="Assets\panel\frameV.png">
      <Filter>Pliki zasobów\panel</Filter>
    </Image>
    <Image Include="Assets\panel\ingameLogo.png">
      <Filter>Pliki zasobów\panel</Filter>
    </Image>
    <Image Include="Assets\panel\kiwi.png">
      <Filter>Pliki zasobów\panel</Filter>
    </Image>
    <Image Include="Assets\panel\koniczyna3.png">
      <Filter>Pliki zasobów\panel</Filter>
    </Image>
    <Image Include="Assets\panel\koniczyna4.png">
      <Filter>Pliki zasobów\panel</Filter>
    </Image>
    <Image Include="Assets\panel\kopanina.png">
      <Filter>Pliki zasobów\panel</Filter>
    </Image>
    <Image Include="Assets\panel\koperek.png">
      <Filter>Pliki zasobów\panel</Filter>
    </Image>
    <Image Include="Assets\panel\malwa.png">
      <Filter>Pliki zasobów\panel</Filter>
    </Image>
    <Image Include="Assets\panel\marchewka.png">
      <Filter>Pliki zasobów\panel</Filter>
    </Image>
    <Image Include="Assets\panel\mniszek.png">
      <Filter>Pliki zasobów\panel</Filter>
    </Image>
    <Image Include="Assets\panel\mood_bad.png">
      <Filter>Pliki zasobów\panel</Filter>
    </Image>
    <Image Include="Assets\panel\mood_good.png">
      <Filter>Pliki zasobów\panel</Filter>
    </Image>
    <Image Include="Assets\panel\mood_great.png">
      <Filter>Pliki zasobów\panel</Filter>
    </Image>
    <Image Include="Assets\panel\mood_horrible.png">
      <Filter>Pliki zasobów\panel</Filter>
    </Image>
    <Image Include="Assets\panel\mood_neutral.png">
      <Filter>Pliki zasobów\panel</Filter>
    </Image>
    <Image Include="Assets\panel\nososkan.png">
      <Filter>Pliki zasobów\panel</Filter>
    </Image>
    <Image Include="Assets\panel\pasternak.png">
      <Filter>Pliki zasobów\panel</Filter>
    </Image>
    <Image Include="Assets\panel\pigwa.png">
      <Filter>Pliki zasobów\panel</Filter>
    </Image>
    <Image Include="Assets\panel\powerup_nused.png">
      <Filter>Pliki zasobów\panel</Filter>
    </Image>
    <Image Include="Assets\panel\powerups_nused.png">
      <Filter>Pliki zasobów\panel</Filter>
    </Image>
    <Image Include="Assets\panel\powerups_ready.png">
      <Filter>Pliki zasobów\panel</Filter>
    </Image>
    <Image Include="Assets\panel\powerups_used.png">
      <Filter>Pliki zasobów\panel</Filter>
    </Image>
    <Image Include="Assets\panel\salata.png">
      <Filter>Pliki zasobów\panel</Filter>
    </Image>
    <Image Include="Assets\panel\stokrotka.png">
      <Filter>Pliki zasobów\panel</Filter>
    </Image>
    <Image Include="Assets\panel\szparagi.png">
      <Filter>Pliki zasobów\panel</Filter>
    </Image>
    <Image Include="Assets\panel\truskawka.png">
      <Filter>Pliki zasobów\panel</Filter>
    </Image>
    <Image Include="Assets\panel\tymotka.png">
      <Filter>Pliki zasobów\panel</Filter>
    </Image>
    <Image Include="Assets\panel\usedkopanina.png">
      <Filter>Pliki zasobów\panel</Filter>
    </Image>
    <Image Include="Assets\panel\usednososkan.png">
      <Filter>Pliki zasobów\panel</Filter>
    </Image>
    <Image Include="Assets\scene\baklazan.png">
      <Filter>Pliki zasobów\scene</Filter>
    </Image>
    <Image Include="Assets\scene\bamboo.png">
      <Filter>Pliki zasobów\scene</Filter>
    </Image>
    <Image Include="Assets\scene\banan.png">
      <Filter>Pliki zasobów\scene</Filter>
    </Image>
    <Image Include="Assets\scene\boardEmpty.png">
      <Filter>Pliki zasobów\scene</Filter>
    </Image>
    <Image Include="Assets\scene\chaber.png">
      <Filter>Pliki zasobów\scene</Filter>
    </Image>
    <Image Include="Assets\scene\chmiel.png">
      <Filter>Pliki zasobów\scene</Filter>
    </Image>
    <Image Include="Assets\scene\dzikaroza.png">
      <Filter>Pliki zasobów\scene</Filter>
    </Image>
    <Image Include="Assets\scene\innerwall.png">
      <Filter>Pliki zasobów\scene</Filter>
    </Image>
    <Image Include="Assets\scene\kiwi.png">
      <Filter>Pliki zasobów\scene</Filter>
    </Image>
    <Image Include="Assets\scene\koniczyna3.png">
      <Filter>Pliki zasobów\scene</Filter>
    </Image>
    <Image Include="Assets\scene\koniczyna4.png">
      <Filter>Pliki zasobów\scene</Filter>
    </Image>
    <Image Include="Assets\scene\kopanina.png">
      <Filter>Pliki zasobów\scene</Filter>
    </Image>
    <Image Include="Assets\scene\koperek.png">
      <Filter>Pliki zasobów\scene</Filter>
    </Image>
    <Image Include="Assets\scene\malwa.png">
      <Filter>Pliki zasobów\scene</Filter>
    </Image>
    <Image Include="Assets\scene\marchewka.png">
      <Filter>Pliki zasobów\scene</Filter>
    </Image>
    <Image Include="Assets\scene\mniszek.png">
      <Filter>Pliki zasobów\scene</Filter>
    </Image>
    <Image Include="Assets\scene\nososkan.png">
      <Filter>Pliki zasobów\scene</Filter>
    </Image>
    <Image Include="Assets\scene\pasternak.png">
      <Filter>Pliki zasobów\scene</Filter>
    </Image>
    <Image Include="Assets\scene\pellet.png">
      <Filter>Pliki zasobów\scene</Filter>
    </Image>
    <Image Include="Assets\scene\pigwa.png">
      <Filter>Pliki zasobów\scene</Filter>
    </Image>
    <Image Include="Assets\scene\resultscan.png">
      <Filter>Pliki zasobów\scene</Filter>
    </Image>
    <Image Include="Assets\scene\salata.png">
      <Filter>Pliki zasobów\scene</Filter>
    </Image>
    <Image Include="Assets\scene\stokrotka.png">
      <Filter>Pliki zasobów\scene</Filter>
    </Image>
    <Image Include="Assets\scene\szparagi.png">
      <Filter>Pliki zasobów\scene</Filter>
    </Image>
    <Image Include="Assets\scene\truskawka.png">
      <Filter>Pliki zasobów\scene</Filter>
    </Image>
    <Image Include="Assets\scene\tymotka.png">
      <Filter>Pliki zasobów\scene</Filter>
    </Image>
    <Image Include="appLogo.ico">
      <Filter>Pliki zasobów</Filter>
    </Image>
  </ItemGroup>
  <ItemGroup>
    <Font Include="Assets\fonts\WashYourHand.ttf">
      <Filter>Pliki zasobów\fonts</Filter>
    </Font>
  </ItemGroup>
</Project>